
Microsoft Visual Studio Solution File, Format Version 12.00
# Visual Studio Version 16
VisualStudioVersion = 16.0.31702.278
MinimumVisualStudioVersion = 10.0.40219.1
Project("{FAE04EC0-301F-11D3-BF4B-00C04F79EFBC}") = "BankingRepo", "BankingRepo\BankingRepo.csproj", "{6D290906-3D1E-41A5-8173-D12C1D8FF442}"
EndProject
Project("{FAE04EC0-301F-11D3-BF4B-00C04F79EFBC}") = "UnitTest", "UnitTest\UnitTest.csproj", "{FC5A9733-932A-4252-BFBD-868AB661B1A3}"
EndProject
Global
	GlobalSection(SolutionConfigurationPlatforms) = preSolution
		Debug|Any CPU = Debug|Any CPU
		Release|Any CPU = Release|Any CPU
	EndGlobalSection
	GlobalSection(ProjectConfigurationPlatforms) = postSolution
		{6D290906-3D1E-41A5-8173-D12C1D8FF442}.Debug|Any CPU.ActiveCfg = Debug|Any CPU
		{6D290906-3D1E-41A5-8173-D12C1D8FF442}.Debug|Any CPU.Build.0 = Debug|Any CPU
		{6D290906-3D1E-41A5-8173-D12C1D8FF442}.Release|Any CPU.ActiveCfg = Release|Any CPU
		{6D290906-3D1E-41A5-8173-D12C1D8FF442}.Release|Any CPU.Build.0 = Release|Any CPU
		{FC5A9733-932A-4252-BFBD-868AB661B1A3}.Debug|Any CPU.ActiveCfg = Debug|Any CPU
		{FC5A9733-932A-4252-BFBD-868AB661B1A3}.Debug|Any CPU.Build.0 = Debug|Any CPU
		{FC5A9733-932A-4252-BFBD-868AB661B1A3}.Release|Any CPU.ActiveCfg = Release|Any CPU
		{FC5A9733-932A-4252-BFBD-868AB661B1A3}.Release|Any CPU.Build.0 = Release|Any CPU
	EndGlobalSection
	GlobalSection(SolutionProperties) = preSolution
		HideSolutionNode = FALSE
	EndGlobalSection
	GlobalSection(ExtensibilityGlobals) = postSolution
		SolutionGuid = {D818BF4C-0B34-47C0-A4D0-4AA3DB0C3F84}
	EndGlobalSection
EndGlobal
